Microsoft Visual Studio Solution File, Format Version 12.00
# Visual Studio Version 17
VisualStudioVersion = 17.5.2.0
MinimumVisualStudioVersion = 10.0.40219.1
Project("{FAE04EC0-301F-11D3-BF4B-00C04F79EFBC}") = "FinishZone", "FinishZone.csproj", "{B5242038-58DA-54A7-F2C4-E5BC8A210864}"
EndProject
Global
	GlobalSection(SolutionConfigurationPlatforms) = preSolution
		Debug|Any CPU = Debug|Any CPU
		Release|Any CPU = Release|Any CPU
	EndGlobalSection
	GlobalSection(ProjectConfigurationPlatforms) = postSolution
		{B5242038-58DA-54A7-F2C4-E5BC8A210864}.Debug|Any CPU.ActiveCfg = Debug|Any CPU
		{B5242038-58DA-54A7-F2C4-E5BC8A210864}.Debug|Any CPU.Build.0 = Debug|Any CPU
		{B5242038-58DA-54A7-F2C4-E5BC8A210864}.Release|Any CPU.ActiveCfg = Release|Any CPU
		{B5242038-58DA-54A7-F2C4-E5BC8A210864}.Release|Any CPU.Build.0 = Release|Any CPU
	EndGlobalSection
	GlobalSection(SolutionProperties) = preSolution
		HideSolutionNode = FALSE
	EndGlobalSection
	GlobalSection(ExtensibilityGlobals) = postSolution
		SolutionGuid = {F54E22BB-1C14-45AC-AC35-FA41E65487AC}
	EndGlobalSection
EndGlobal
